
Microsoft Visual Studio Solution File, Format Version 12.00
# Visual Studio Version 16
VisualStudioVersion = 16.0.31515.178
MinimumVisualStudioVersion = 10.0.40219.1
Project("{FAE04EC0-301F-11D3-BF4B-00C04F79EFBC}") = "WebApiApp01", "WebApiApp01\WebApiApp01.csproj", "{AA78FD2C-F8EA-47BB-8251-0C5E62FD25C4}"
EndProject
Global
	GlobalSection(SolutionConfigurationPlatforms) = preSolution
		Debug|Any CPU = Debug|Any CPU
		Release|Any CPU = Release|Any CPU
	EndGlobalSection
	GlobalSection(ProjectConfigurationPlatforms) = postSolution
		{AA78FD2C-F8EA-47BB-8251-0C5E62FD25C4}.Debug|Any CPU.ActiveCfg = Debug|Any CPU
		{AA78FD2C-F8EA-47BB-8251-0C5E62FD25C4}.Debug|Any CPU.Build.0 = Debug|Any CPU
		{AA78FD2C-F8EA-47BB-8251-0C5E62FD25C4}.Release|Any CPU.ActiveCfg = Release|Any CPU
		{AA78FD2C-F8EA-47BB-8251-0C5E62FD25C4}.Release|Any CPU.Build.0 = Release|Any CPU
	EndGlobalSection
	GlobalSection(SolutionProperties) = preSolution
		HideSolutionNode = FALSE
	EndGlobalSection
	GlobalSection(ExtensibilityGlobals) = postSolution
		SolutionGuid = {E774A37C-187C-448A-B49A-B16BB572E369}
	EndGlobalSection
EndGlobal
