
Microsoft Visual Studio Solution File, Format Version 12.00
# Visual Studio Version 16
VisualStudioVersion = 16.0.31515.178
MinimumVisualStudioVersion = 10.0.40219.1
Project("{FAE04EC0-301F-11D3-BF4B-00C04F79EFBC}") = "WebAppApi02", "WebAppApi02\WebAppApi02.csproj", "{C482A84E-1E50-4FD4-847D-C5698BF3FB9C}"
EndProject
Global
	GlobalSection(SolutionConfigurationPlatforms) = preSolution
		Debug|Any CPU = Debug|Any CPU
		Release|Any CPU = Release|Any CPU
	EndGlobalSection
	GlobalSection(ProjectConfigurationPlatforms) = postSolution
		{C482A84E-1E50-4FD4-847D-C5698BF3FB9C}.Debug|Any CPU.ActiveCfg = Debug|Any CPU
		{C482A84E-1E50-4FD4-847D-C5698BF3FB9C}.Debug|Any CPU.Build.0 = Debug|Any CPU
		{C482A84E-1E50-4FD4-847D-C5698BF3FB9C}.Release|Any CPU.ActiveCfg = Release|Any CPU
		{C482A84E-1E50-4FD4-847D-C5698BF3FB9C}.Release|Any CPU.Build.0 = Release|Any CPU
	EndGlobalSection
	GlobalSection(SolutionProperties) = preSolution
		HideSolutionNode = FALSE
	EndGlobalSection
	GlobalSection(ExtensibilityGlobals) = postSolution
		SolutionGuid = {1A8F741B-CD16-4072-8FBA-548775BC6295}
	EndGlobalSection
EndGlobal
